# THIS IS AN AUTOGENERATED FILE. DO NOT EDIT THIS FILE DIRECTLY.
# yarn lockfile v1


"@babel/runtime@^7.7.6":
  version "7.17.9"
  resolved "https://registry.yarnpkg.com/@babel/runtime/-/runtime-7.17.9.tgz#d19fbf802d01a8cb6cf053a64e472d42c434ba72"
  integrity sha512-lSiBBvodq29uShpWGNbgFdKYNiFDo5/HIYsaCEY9ff4sb10x9jizo2+pRrSyF4jKZCXqgzuqBOQKbUm90gQwJg==
  dependencies:
    regenerator-runtime "^0.13.4"

history@^5.2.0:
  version "5.3.0"
  resolved "https://registry.yarnpkg.com/history/-/history-5.3.0.tgz#1548abaa245ba47992f063a0783db91ef201c73b"
  integrity sha512-ZqaKwjjrAYUYfLG+htGaIIZ4nioX2L70ZUMIFysS3xvBsSG4x/n1V6TXV3N8ZYNuFGlDirFg32T7B6WOUPDYcQ==
  dependencies:
    "@babel/runtime" "^7.7.6"

"js-tokens@^3.0.0 || ^4.0.0":
  version "4.0.0"
  resolved "https://registry.yarnpkg.com/js-tokens/-/js-tokens-4.0.0.tgz#19203fb59991df98e3a287050d4647cdeaf32499"
  integrity sha512-RdJUflcE3cUzKiMqQgsCu06FPu9UdIJO0beYbPhHN4k6apgJtifcoCtT9bcxOpYBtpD2kCM6Sbzg4CausW/PKQ==

loose-envify@^1.1.0:
  version "1.4.0"
  resolved "https://registry.yarnpkg.com/loose-envify/-/loose-envify-1.4.0.tgz#71ee51fa7be4caec1a63839f7e682d8132d30caf"
  integrity sha512-lyuxPGr/Wfhrlem2CL/UcnUc1zcqKAImBDzukY7Y5F/yQiNdko6+fRLevlw1HgMySw7f611UIY408EtxRSoK3Q==
  dependencies:
    js-tokens "^3.0.0 || ^4.0.0"

react-dom@18.0.0:
  version "18.0.0"
  resolved "https://registry.yarnpkg.com/react-dom/-/react-dom-18.0.0.tgz#26b88534f8f1dbb80853e1eabe752f24100d8023"
  integrity sha512-XqX7uzmFo0pUceWFCt7Gff6IyIMzFUn7QMZrbrQfGxtaxXZIcGQzoNpRLE3fQLnS4XzLLPMZX2T9TRcSrasicw==
  dependencies:
    loose-envify "^1.1.0"
    scheduler "^0.21.0"

react-router-dom@^6.3.0:
  version "6.3.0"
  resolved "https://registry.yarnpkg.com/react-router-dom/-/react-router-dom-6.3.0.tgz#a0216da813454e521905b5fa55e0e5176123f43d"
  integrity sha512-uaJj7LKytRxZNQV8+RbzJWnJ8K2nPsOOEuX7aQstlMZKQT0164C+X2w6bnkqU3sjtLvpd5ojrezAyfZ1+0sStw==
  dependencies:
    history "^5.2.0"
    react-router "6.3.0"

react-router@6.3.0:
  version "6.3.0"
  resolved "https://registry.yarnpkg.com/react-router/-/react-router-6.3.0.tgz#3970cc64b4cb4eae0c1ea5203a80334fdd175557"
  integrity sha512-7Wh1DzVQ+tlFjkeo+ujvjSqSJmkt1+8JO+T5xklPlgrh70y7ogx75ODRW0ThWhY7S+6yEDks8TYrtQe/aoboBQ==
  dependencies:
    history "^5.2.0"

react@18.0.0:
  version "18.0.0"
  resolved "https://registry.yarnpkg.com/react/-/react-18.0.0.tgz#b468736d1f4a5891f38585ba8e8fb29f91c3cb96"
  integrity sha512-x+VL6wbT4JRVPm7EGxXhZ8w8LTROaxPXOqhlGyVSrv0sB1jkyFGgXxJ8LVoPRLvPR6/CIZGFmfzqUa2NYeMr2A==
  dependencies:
    loose-envify "^1.1.0"

regenerator-runtime@^0.13.4:
  version "0.13.9"
  resolved "https://registry.yarnpkg.com/regenerator-runtime/-/regenerator-runtime-0.13.9.tgz#8925742a98ffd90814988d7566ad30ca3b263b52"
  integrity sha512-p3VT+cOEgxFsRRA9X4lkI1E+k2/CtnKtU4gcxyaCUreilL/vqI6CdZ3wxVUx3UOUg+gnUOQQcRI7BmSI656MYA==

scheduler@^0.21.0:
  version "0.21.0"
  resolved "https://registry.yarnpkg.com/scheduler/-/scheduler-0.21.0.tgz#6fd2532ff5a6d877b6edb12f00d8ab7e8f308820"
  integrity sha512-1r87x5fz9MXqswA2ERLo0EbOAU74DpIUO090gIasYTqlVoJeMcl+Z1Rg7WHz+qtPujhS/hGIt9kxZOYBV3faRQ==
  dependencies:
    loose-envify "^1.1.0"
